
Microsoft Visual Studio Solution File, Format Version 12.00
# Visual Studio Version 16
VisualStudioVersion = 16.0.33027.164
MinimumVisualStudioVersion = 10.0.40219.1
Project("{FAE04EC0-301F-11D3-BF4B-00C04F79EFBC}") = "Homework", "PreHomework\Homework.csproj", "{BE204C70-BBC2-49E6-AE6E-15ACFE38DF31}"
EndProject
Global
	GlobalSection(SolutionConfigurationPlatforms) = preSolution
		Debug|Any CPU = Debug|Any CPU
		Release|Any CPU = Release|Any CPU
	EndGlobalSection
	GlobalSection(ProjectConfigurationPlatforms) = postSolution
		{BE204C70-BBC2-49E6-AE6E-15ACFE38DF31}.Debug|Any CPU.ActiveCfg = Debug|Any CPU
		{BE204C70-BBC2-49E6-AE6E-15ACFE38DF31}.Debug|Any CPU.Build.0 = Debug|Any CPU
		{BE204C70-BBC2-49E6-AE6E-15ACFE38DF31}.Release|Any CPU.ActiveCfg = Release|Any CPU
		{BE204C70-BBC2-49E6-AE6E-15ACFE38DF31}.Release|Any CPU.Build.0 = Release|Any CPU
	EndGlobalSection
	GlobalSection(SolutionProperties) = preSolution
		HideSolutionNode = FALSE
	EndGlobalSection
	GlobalSection(ExtensibilityGlobals) = postSolution
		SolutionGuid = {D2B6666A-D04B-4A94-8A11-4AF1C24F3583}
	EndGlobalSection
EndGlobal
